// !$*UTF8*$!
{
	archiveVersion = 1;
	classes = {
	};
	objectVersion = 50;
	objects = {

/* Begin PBXBuildFile section */
		6B15E92221BA699D00DE00F3 /* AppDelegate.swift in Sources */ = {isa = PBXBuildFile; fileRef = 6B15E92121BA699D00DE00F3 /* AppDelegate.swift */; };
		6B15E92421BA699D00DE00F3 /* ServiceListController.swift in Sources */ = {isa = PBXBuildFile; fileRef = 6B15E92321BA699D00DE00F3 /* ServiceListController.swift */; };
		6B15E92721BA699D00DE00F3 /* Main.storyboard in Resources */ = {isa = PBXBuildFile; fileRef = 6B15E92521BA699D00DE00F3 /* Main.storyboard */; };
		6B15E92A21BA699D00DE00F3 /* KryProgrammingAssignment.xcdatamodeld in Sources */ = {isa = PBXBuildFile; fileRef = 6B15E92821BA699D00DE00F3 /* KryProgrammingAssignment.xcdatamodeld */; };
		6B15E92C21BA699E00DE00F3 /* Assets.xcassets in Resources */ = {isa = PBXBuildFile; fileRef = 6B15E92B21BA699E00DE00F3 /* Assets.xcassets */; };
		6B15E92F21BA699E00DE00F3 /* LaunchScreen.storyboard in Resources */ = {isa = PBXBuildFile; fileRef = 6B15E92D21BA699E00DE00F3 /* LaunchScreen.storyboard */; };
		6B15E93A21BA699E00DE00F3 /* KryProgrammingAssignmentTests.swift in Sources */ = {isa = PBXBuildFile; fileRef = 6B15E93921BA699E00DE00F3 /* KryProgrammingAssignmentTests.swift */; };
		6B15E94521BA699E00DE00F3 /* KryProgrammingAssignmentUITests.swift in Sources */ = {isa = PBXBuildFile; fileRef = 6B15E94421BA699E00DE00F3 /* KryProgrammingAssignmentUITests.swift */; };
		6B15E95321BA69E500DE00F3 /* ApiService.swift in Sources */ = {isa = PBXBuildFile; fileRef = 6B15E95221BA69E500DE00F3 /* ApiService.swift */; };
		6B15E95421BA69E500DE00F3 /* ApiService.swift in Sources */ = {isa = PBXBuildFile; fileRef = 6B15E95221BA69E500DE00F3 /* ApiService.swift */; };
		6B15E95621BA6C5800DE00F3 /* NetworkUtils.swift in Sources */ = {isa = PBXBuildFile; fileRef = 6B15E95521BA6C5800DE00F3 /* NetworkUtils.swift */; };
		6B15E95721BA6C5800DE00F3 /* NetworkUtils.swift in Sources */ = {isa = PBXBuildFile; fileRef = 6B15E95521BA6C5800DE00F3 /* NetworkUtils.swift */; };
		6B15E95921BA700300DE00F3 /* Service.swift in Sources */ = {isa = PBXBuildFile; fileRef = 6B15E95821BA700300DE00F3 /* Service.swift */; };
		6B15E95A21BA700300DE00F3 /* Service.swift in Sources */ = {isa = PBXBuildFile; fileRef = 6B15E95821BA700300DE00F3 /* Service.swift */; };
		6B15E95C21BA710A00DE00F3 /* ServiceStore.swift in Sources */ = {isa = PBXBuildFile; fileRef = 6B15E95B21BA710A00DE00F3 /* ServiceStore.swift */; };
		6B15E95D21BA710A00DE00F3 /* ServiceStore.swift in Sources */ = {isa = PBXBuildFile; fileRef = 6B15E95B21BA710A00DE00F3 /* ServiceStore.swift */; };
		6B15E95F21BAA39600DE00F3 /* ServiceCell.swift in Sources */ = {isa = PBXBuildFile; fileRef = 6B15E95E21BAA39600DE00F3 /* ServiceCell.swift */; };
		6B15E96021BAA39600DE00F3 /* ServiceCell.swift in Sources */ = {isa = PBXBuildFile; fileRef = 6B15E95E21BAA39600DE00F3 /* ServiceCell.swift */; };
		6B15E96221BAC03B00DE00F3 /* AddServiceController.swift in Sources */ = {isa = PBXBuildFile; fileRef = 6B15E96121BAC03B00DE00F3 /* AddServiceController.swift */; };
		6B15E96321BAC03B00DE00F3 /* AddServiceController.swift in Sources */ = {isa = PBXBuildFile; fileRef = 6B15E96121BAC03B00DE00F3 /* AddServiceController.swift */; };
		6B15E96521BAC25F00DE00F3 /* DateExtension.swift in Sources */ = {isa = PBXBuildFile; fileRef = 6B15E96421BAC25F00DE00F3 /* DateExtension.swift */; };
		6B15E96621BAC25F00DE00F3 /* DateExtension.swift in Sources */ = {isa = PBXBuildFile; fileRef = 6B15E96421BAC25F00DE00F3 /* DateExtension.swift */; };
		6B15E97121BEA88700DE00F3 /* ServiceListController.swift in Sources */ = {isa = PBXBuildFile; fileRef = 6B15E92321BA699D00DE00F3 /* ServiceListController.swift */; };
/* End PBXBuildFile section */

/* Begin PBXContainerItemProxy section */
		6B15E93621BA699E00DE00F3 /* PBXContainerItemProxy */ = {
			isa = PBXContainerItemProxy;
			containerPortal = 6B15E91621BA699D00DE00F3 /* Project object */;
			proxyType = 1;
			remoteGlobalIDString = 6B15E91D21BA699D00DE00F3;
			remoteInfo = KryProgrammingAssignment;
		};
		6B15E94121BA699E00DE00F3 /* PBXContainerItemProxy */ = {
			isa = PBXContainerItemProxy;
			containerPortal = 6B15E91621BA699D00DE00F3 /* Project object */;
			proxyType = 1;
			remoteGlobalIDString = 6B15E91D21BA699D00DE00F3;
			remoteInfo = KryProgrammingAssignment;
		};
/* End PBXContainerItemProxy section */

/* Begin PBXFileReference section */
		6B15E91E21BA699D00DE00F3 /* KryProgrammingAssignment.app */ = {isa = PBXFileReference; explicitFileType = wrapper.application; includeInIndex = 0; path = KryProgrammingAssignment.app; sourceTree = BUILT_PRODUCTS_DIR; };
		6B15E92121BA699D00DE00F3 /* AppDelegate.swift */ = {isa = PBXFileReference; lastKnownFileType = sourcecode.swift; path = AppDelegate.swift; sourceTree = "<group>"; };
		6B15E92321BA699D00DE00F3 /* ServiceListController.swift */ = {isa = PBXFileReference; lastKnownFileType = sourcecode.swift; path = ServiceListController.swift; sourceTree = "<group>"; };
		6B15E92621BA699D00DE00F3 /* Base */ = {isa = PBXFileReference; lastKnownFileType = file.storyboard; name = Base; path = Base.lproj/Main.storyboard; sourceTree = "<group>"; };
		6B15E92921BA699D00DE00F3 /* KryProgrammingAssignment.xcdatamodel */ = {isa = PBXFileReference; lastKnownFileType = wrapper.xcdatamodel; path = KryProgrammingAssignment.xcdatamodel; sourceTree = "<group>"; };
		6B15E92B21BA699E00DE00F3 /* Assets.xcassets */ = {isa = PBXFileReference; lastKnownFileType = folder.assetcatalog; path = Assets.xcassets; sourceTree = "<group>"; };
		6B15E92E21BA699E00DE00F3 /* Base */ = {isa = PBXFileReference; lastKnownFileType = file.storyboard; name = Base; path = Base.lproj/LaunchScreen.storyboard; sourceTree = "<group>"; };
		6B15E93021BA699E00DE00F3 /* Info.plist */ = {isa = PBXFileReference; lastKnownFileType = text.plist.xml; path = Info.plist; sourceTree = "<group>"; };
		6B15E93521BA699E00DE00F3 /* KryProgrammingAssignmentTests.xctest */ = {isa = PBXFileReference; explicitFileType = wrapper.cfbundle; includeInIndex = 0; path = KryProgrammingAssignmentTests.xctest; sourceTree = BUILT_PRODUCTS_DIR; };
		6B15E93921BA699E00DE00F3 /* KryProgrammingAssignmentTests.swift */ = {isa = PBXFileReference; lastKnownFileType = sourcecode.swift; path = KryProgrammingAssignmentTests.swift; sourceTree = "<group>"; };
		6B15E93B21BA699E00DE00F3 /* Info.plist */ = {isa = PBXFileReference; lastKnownFileType = text.plist.xml; path = Info.plist; sourceTree = "<group>"; };
		6B15E94021BA699E00DE00F3 /* KryProgrammingAssignmentUITests.xctest */ = {isa = PBXFileReference; explicitFileType = wrapper.cfbundle; includeInIndex = 0; path = KryProgrammingAssignmentUITests.xctest; sourceTree = BUILT_PRODUCTS_DIR; };
		6B15E94421BA699E00DE00F3 /* KryProgrammingAssignmentUITests.swift */ = {isa = PBXFileReference; lastKnownFileType = sourcecode.swift; path = KryProgrammingAssignmentUITests.swift; sourceTree = "<group>"; };
		6B15E94621BA699E00DE00F3 /* Info.plist */ = {isa = PBXFileReference; lastKnownFileType = text.plist.xml; path = Info.plist; sourceTree = "<group>"; };
		6B15E95221BA69E500DE00F3 /* ApiService.swift */ = {isa = PBXFileReference; lastKnownFileType = sourcecode.swift; path = ApiService.swift; sourceTree = "<group>"; };
		6B15E95521BA6C5800DE00F3 /* NetworkUtils.swift */ = {isa = PBXFileReference; lastKnownFileType = sourcecode.swift; path = NetworkUtils.swift; sourceTree = "<group>"; };
		6B15E95821BA700300DE00F3 /* Service.swift */ = {isa = PBXFileReference; lastKnownFileType = sourcecode.swift; path = Service.swift; sourceTree = "<group>"; };
		6B15E95B21BA710A00DE00F3 /* ServiceStore.swift */ = {isa = PBXFileReference; lastKnownFileType = sourcecode.swift; path = ServiceStore.swift; sourceTree = "<group>"; };
		6B15E95E21BAA39600DE00F3 /* ServiceCell.swift */ = {isa = PBXFileReference; lastKnownFileType = sourcecode.swift; path = ServiceCell.swift; sourceTree = "<group>"; };
		6B15E96121BAC03B00DE00F3 /* AddServiceController.swift */ = {isa = PBXFileReference; lastKnownFileType = sourcecode.swift; path = AddServiceController.swift; sourceTree = "<group>"; };
		6B15E96421BAC25F00DE00F3 /* DateExtension.swift */ = {isa = PBXFileReference; lastKnownFileType = sourcecode.swift; path = DateExtension.swift; sourceTree = "<group>"; };
/* End PBXFileReference section */

/* Begin PBXFrameworksBuildPhase section */
		6B15E91B21BA699D00DE00F3 /* Frameworks */ = {
			isa = PBXFrameworksBuildPhase;
			buildActionMask = 2147483647;
			files = (
			);
			runOnlyForDeploymentPostprocessing = 0;
		};
		6B15E93221BA699E00DE00F3 /* Frameworks */ = {
			isa = PBXFrameworksBuildPhase;
			buildActionMask = 2147483647;
			files = (
			);
			runOnlyForDeploymentPostprocessing = 0;
		};
		6B15E93D21BA699E00DE00F3 /* Frameworks */ = {
			isa = PBXFrameworksBuildPhase;
			buildActionMask = 2147483647;
			files = (
			);
			runOnlyForDeploymentPostprocessing = 0;
		};
/* End PBXFrameworksBuildPhase section */

/* Begin PBXGroup section */
		6B15E91521BA699D00DE00F3 = {
			isa = PBXGroup;
			children = (
				6B15E92021BA699D00DE00F3 /* KryProgrammingAssignment */,
				6B15E93821BA699E00DE00F3 /* KryProgrammingAssignmentTests */,
				6B15E94321BA699E00DE00F3 /* KryProgrammingAssignmentUITests */,
				6B15E91F21BA699D00DE00F3 /* Products */,
			);
			sourceTree = "<group>";
		};
		6B15E91F21BA699D00DE00F3 /* Products */ = {
			isa = PBXGroup;
			children = (
				6B15E91E21BA699D00DE00F3 /* KryProgrammingAssignment.app */,
				6B15E93521BA699E00DE00F3 /* KryProgrammingAssignmentTests.xctest */,
				6B15E94021BA699E00DE00F3 /* KryProgrammingAssignmentUITests.xctest */,
			);
			name = Products;
			sourceTree = "<group>";
		};
		6B15E92021BA699D00DE00F3 /* KryProgrammingAssignment */ = {
			isa = PBXGroup;
			children = (
				6B15E97021BEA81900DE00F3 /* viewControllers */,
				6B15E97221BEA89700DE00F3 /* cells */,
				6B15E92121BA699D00DE00F3 /* AppDelegate.swift */,
				6B15E92521BA699D00DE00F3 /* Main.storyboard */,
				6B15E92B21BA699E00DE00F3 /* Assets.xcassets */,
				6B15E92D21BA699E00DE00F3 /* LaunchScreen.storyboard */,
				6B15E93021BA699E00DE00F3 /* Info.plist */,
				6B15E92821BA699D00DE00F3 /* KryProgrammingAssignment.xcdatamodeld */,
				6B15E97321BEA8E400DE00F3 /* network */,
				6B15E97521BEA93F00DE00F3 /* models */,
				6B15E97421BEA92300DE00F3 /* extensions */,
			);
			path = KryProgrammingAssignment;
			sourceTree = "<group>";
		};
		6B15E93821BA699E00DE00F3 /* KryProgrammingAssignmentTests */ = {
			isa = PBXGroup;
			children = (
				6B15E93921BA699E00DE00F3 /* KryProgrammingAssignmentTests.swift */,
				6B15E93B21BA699E00DE00F3 /* Info.plist */,
			);
			path = KryProgrammingAssignmentTests;
			sourceTree = "<group>";
		};
		6B15E94321BA699E00DE00F3 /* KryProgrammingAssignmentUITests */ = {
			isa = PBXGroup;
			children = (
				6B15E94421BA699E00DE00F3 /* KryProgrammingAssignmentUITests.swift */,
				6B15E94621BA699E00DE00F3 /* Info.plist */,
			);
			path = KryProgrammingAssignmentUITests;
			sourceTree = "<group>";
		};
		6B15E97021BEA81900DE00F3 /* viewControllers */ = {
			isa = PBXGroup;
			children = (
				6B15E96121BAC03B00DE00F3 /* AddServiceController.swift */,
				6B15E92321BA699D00DE00F3 /* ServiceListController.swift */,
			);
			path = viewControllers;
			sourceTree = "<group>";
		};
		6B15E97221BEA89700DE00F3 /* cells */ = {
			isa = PBXGroup;
			children = (
				6B15E95E21BAA39600DE00F3 /* ServiceCell.swift */,
			);
			path = cells;
			sourceTree = "<group>";
		};
		6B15E97321BEA8E400DE00F3 /* network */ = {
			isa = PBXGroup;
			children = (
				6B15E95B21BA710A00DE00F3 /* ServiceStore.swift */,
				6B15E95221BA69E500DE00F3 /* ApiService.swift */,
				6B15E95521BA6C5800DE00F3 /* NetworkUtils.swift */,
			);
			path = network;
			sourceTree = "<group>";
		};
		6B15E97421BEA92300DE00F3 /* extensions */ = {
			isa = PBXGroup;
			children = (
				6B15E96421BAC25F00DE00F3 /* DateExtension.swift */,
			);
			path = extensions;
			sourceTree = "<group>";
		};
		6B15E97521BEA93F00DE00F3 /* models */ = {
			isa = PBXGroup;
			children = (
				6B15E95821BA700300DE00F3 /* Service.swift */,
			);
			path = models;
			sourceTree = "<group>";
		};
/* End PBXGroup section */

/* Begin PBXNativeTarget section */
		6B15E91D21BA699D00DE00F3 /* KryProgrammingAssignment */ = {
			isa = PBXNativeTarget;
			buildConfigurationList = 6B15E94921BA699E00DE00F3 /* Build configuration list for PBXNativeTarget "KryProgrammingAssignment" */;
			buildPhases = (
				6B15E91A21BA699D00DE00F3 /* Sources */,
				6B15E91B21BA699D00DE00F3 /* Frameworks */,
				6B15E91C21BA699D00DE00F3 /* Resources */,
			);
			buildRules = (
			);
			dependencies = (
			);
			name = KryProgrammingAssignment;
			productName = KryProgrammingAssignment;
			productReference = 6B15E91E21BA699D00DE00F3 /* KryProgrammingAssignment.app */;
			productType = "com.apple.product-type.application";
		};
		6B15E93421BA699E00DE00F3 /* KryProgrammingAssignmentTests */ = {
			isa = PBXNativeTarget;
			buildConfigurationList = 6B15E94C21BA699E00DE00F3 /* Build configuration list for PBXNativeTarget "KryProgrammingAssignmentTests" */;
			buildPhases = (
				6B15E93121BA699E00DE00F3 /* Sources */,
				6B15E93221BA699E00DE00F3 /* Frameworks */,
				6B15E93321BA699E00DE00F3 /* Resources */,
			);
			buildRules = (
			);
			dependencies = (
				6B15E93721BA699E00DE00F3 /* PBXTargetDependency */,
			);
			name = KryProgrammingAssignmentTests;
			productName = KryProgrammingAssignmentTests;
			productReference = 6B15E93521BA699E00DE00F3 /* KryProgrammingAssignmentTests.xctest */;
			productType = "com.apple.product-type.bundle.unit-test";
		};
		6B15E93F21BA699E00DE00F3 /* KryProgrammingAssignmentUITests */ = {
			isa = PBXNativeTarget;
			buildConfigurationList = 6B15E94F21BA699E00DE00F3 /* Build configuration list for PBXNativeTarget "KryProgrammingAssignmentUITests" */;
			buildPhases = (
				6B15E93C21BA699E00DE00F3 /* Sources */,
				6B15E93D21BA699E00DE00F3 /* Frameworks */,
				6B15E93E21BA699E00DE00F3 /* Resources */,
			);
			buildRules = (
			);
			dependencies = (
				6B15E94221BA699E00DE00F3 /* PBXTargetDependency */,
			);
			name = KryProgrammingAssignmentUITests;
			productName = KryProgrammingAssignmentUITests;
			productReference = 6B15E94021BA699E00DE00F3 /* KryProgrammingAssignmentUITests.xctest */;
			productType = "com.apple.product-type.bundle.ui-testing";
		};
/* End PBXNativeTarget section */

/* Begin PBXProject section */
		6B15E91621BA699D00DE00F3 /* Project object */ = {
			isa = PBXProject;
			attributes = {
				LastSwiftUpdateCheck = 1010;
				LastUpgradeCheck = 1010;
				ORGANIZATIONNAME = MertAvci;
				TargetAttributes = {
					6B15E91D21BA699D00DE00F3 = {
						CreatedOnToolsVersion = 10.1;
					};
					6B15E93421BA699E00DE00F3 = {
						CreatedOnToolsVersion = 10.1;
						TestTargetID = 6B15E91D21BA699D00DE00F3;
					};
					6B15E93F21BA699E00DE00F3 = {
						CreatedOnToolsVersion = 10.1;
						TestTargetID = 6B15E91D21BA699D00DE00F3;
					};
				};
			};
			buildConfigurationList = 6B15E91921BA699D00DE00F3 /* Build configuration list for PBXProject "KryProgrammingAssignment" */;
			compatibilityVersion = "Xcode 9.3";
			developmentRegion = en;
			hasScannedForEncodings = 0;
			knownRegions = (
				en,
				Base,
			);
			mainGroup = 6B15E91521BA699D00DE00F3;
			productRefGroup = 6B15E91F21BA699D00DE00F3 /* Products */;
			projectDirPath = "";
			projectRoot = "";
			targets = (
				6B15E91D21BA699D00DE00F3 /* KryProgrammingAssignment */,
				6B15E93421BA699E00DE00F3 /* KryProgrammingAssignmentTests */,
				6B15E93F21BA699E00DE00F3 /* KryProgrammingAssignmentUITests */,
			);
		};
/* End PBXProject section */

/* Begin PBXResourcesBuildPhase section */
		6B15E91C21BA699D00DE00F3 /* Resources */ = {
			isa = PBXResourcesBuildPhase;
			buildActionMask = 2147483647;
			files = (
				6B15E92F21BA699E00DE00F3 /* LaunchScreen.storyboard in Resources */,
				6B15E92C21BA699E00DE00F3 /* Assets.xcassets in Resources */,
				6B15E92721BA699D00DE00F3 /* Main.storyboard in Resources */,
			);
			runOnlyForDeploymentPostprocessing = 0;
		};
		6B15E93321BA699E00DE00F3 /* Resources */ = {
			isa = PBXResourcesBuildPhase;
			buildActionMask = 2147483647;
			files = (
			);
			runOnlyForDeploymentPostprocessing = 0;
		};
		6B15E93E21BA699E00DE00F3 /* Resources */ = {
			isa = PBXResourcesBuildPhase;
			buildActionMask = 2147483647;
			files = (
			);
			runOnlyForDeploymentPostprocessing = 0;
		};
/* End PBXResourcesBuildPhase section */

/* Begin PBXSourcesBuildPhase section */
		6B15E91A21BA699D00DE00F3 /* Sources */ = {
			isa = PBXSourcesBuildPhase;
			buildActionMask = 2147483647;
			files = (
				6B15E92421BA699D00DE00F3 /* ServiceListController.swift in Sources */,
				6B15E96521BAC25F00DE00F3 /* DateExtension.swift in Sources */,
				6B15E92A21BA699D00DE00F3 /* KryProgrammingAssignment.xcdatamodeld in Sources */,
				6B15E96221BAC03B00DE00F3 /* AddServiceController.swift in Sources */,
				6B15E95621BA6C5800DE00F3 /* NetworkUtils.swift in Sources */,
				6B15E95321BA69E500DE00F3 /* ApiService.swift in Sources */,
				6B15E92221BA699D00DE00F3 /* AppDelegate.swift in Sources */,
				6B15E95F21BAA39600DE00F3 /* ServiceCell.swift in Sources */,
				6B15E95C21BA710A00DE00F3 /* ServiceStore.swift in Sources */,
				6B15E95921BA700300DE00F3 /* Service.swift in Sources */,
			);
			runOnlyForDeploymentPostprocessing = 0;
		};
		6B15E93121BA699E00DE00F3 /* Sources */ = {
			isa = PBXSourcesBuildPhase;
			buildActionMask = 2147483647;
			files = (
				6B15E95421BA69E500DE00F3 /* ApiService.swift in Sources */,
				6B15E96621BAC25F00DE00F3 /* DateExtension.swift in Sources */,
				6B15E95D21BA710A00DE00F3 /* ServiceStore.swift in Sources */,
				6B15E95A21BA700300DE00F3 /* Service.swift in Sources */,
				6B15E96021BAA39600DE00F3 /* ServiceCell.swift in Sources */,
				6B15E95721BA6C5800DE00F3 /* NetworkUtils.swift in Sources */,
				6B15E96321BAC03B00DE00F3 /* AddServiceController.swift in Sources */,
				6B15E97121BEA88700DE00F3 /* ServiceListController.swift in Sources */,
				6B15E93A21BA699E00DE00F3 /* KryProgrammingAssignmentTests.swift in Sources */,
			);
			runOnlyForDeploymentPostprocessing = 0;
		};
		6B15E93C21BA699E00DE00F3 /* Sources */ = {
			isa = PBXSourcesBuildPhase;
			buildActionMask = 2147483647;
			files = (
				6B15E94521BA699E00DE00F3 /* KryProgrammingAssignmentUITests.swift in Sources */,
			);
			runOnlyForDeploymentPostprocessing = 0;
		};
/* End PBXSourcesBuildPhase section */

/* Begin PBXTargetDependency section */
		6B15E93721BA699E00DE00F3 /* PBXTargetDependency */ = {
			isa = PBXTargetDependency;
			target = 6B15E91D21BA699D00DE00F3 /* KryProgrammingAssignment */;
			targetProxy = 6B15E93621BA699E00DE00F3 /* PBXContainerItemProxy */;
		};
		6B15E94221BA699E00DE00F3 /* PBXTargetDependency */ = {
			isa = PBXTargetDependency;
			target = 6B15E91D21BA699D00DE00F3 /* KryProgrammingAssignment */;
			targetProxy = 6B15E94121BA699E00DE00F3 /* PBXContainerItemProxy */;
		};
/* End PBXTargetDependency section */

/* Begin PBXVariantGroup section */
		6B15E92521BA699D00DE00F3 /* Main.storyboard */ = {
			isa = PBXVariantGroup;
			children = (
				6B15E92621BA699D00DE00F3 /* Base */,
			);
			name = Main.storyboard;
			sourceTree = "<group>";
		};
		6B15E92D21BA699E00DE00F3 /* LaunchScreen.storyboard */ = {
			isa = PBXVariantGroup;
			children = (
				6B15E92E21BA699E00DE00F3 /* Base */,
			);
			name = LaunchScreen.storyboard;
			sourceTree = "<group>";
		};
/* End PBXVariantGroup section */

/* Begin XCBuildConfiguration section */
		6B15E94721BA699E00DE00F3 /* Debug */ = {
			isa = XCBuildConfiguration;
			buildSettings = {
				ALWAYS_SEARCH_USER_PATHS = NO;
				CLANG_ANALYZER_NONNULL = YES;
				CLANG_ANALYZER_NUMBER_OBJECT_CONVERSION = YES_AGGRESSIVE;
				CLANG_CXX_LANGUAGE_STANDARD = "gnu++14";
				CLANG_CXX_LIBRARY = "libc++";
				CLANG_ENABLE_MODULES = YES;
				CLANG_ENABLE_OBJC_ARC = YES;
				CLANG_ENABLE_OBJC_WEAK = YES;
				CLANG_WARN_BLOCK_CAPTURE_AUTORELEASING = YES;
				CLANG_WARN_BOOL_CONVERSION = YES;
				CLANG_WARN_COMMA = YES;
				CLANG_WARN_CONSTANT_CONVERSION = YES;
				CLANG_WARN_DEPRECATED_OBJC_IMPLEMENTATIONS = YES;
				CLANG_WARN_DIRECT_OBJC_ISA_USAGE = YES_ERROR;
				CLANG_WARN_DOCUMENTATION_COMMENTS = YES;
				CLANG_WARN_EMPTY_BODY = YES;
				CLANG_WARN_ENUM_CONVERSION = YES;
				CLANG_WARN_INFINITE_RECURSION = YES;
				CLANG_WARN_INT_CONVERSION = YES;
				CLANG_WARN_NON_LITERAL_NULL_CONVERSION = YES;
				CLANG_WARN_OBJC_IMPLICIT_RETAIN_SELF = YES;
				CLANG_WARN_OBJC_LITERAL_CONVERSION = YES;
				CLANG_WARN_OBJC_ROOT_CLASS = YES_ERROR;
				CLANG_WARN_RANGE_LOOP_ANALYSIS = YES;
				CLANG_WARN_STRICT_PROTOTYPES = YES;
				CLANG_WARN_SUSPICIOUS_MOVE = YES;
				CLANG_WARN_UNGUARDED_AVAILABILITY = YES_AGGRESSIVE;
				CLANG_WARN_UNREACHABLE_CODE = YES;
				CLANG_WARN__DUPLICATE_METHOD_MATCH = YES;
				CODE_SIGN_IDENTITY = "iPhone Developer";
				COPY_PHASE_STRIP = NO;
				DEBUG_INFORMATION_FORMAT = dwarf;
				ENABLE_STRICT_OBJC_MSGSEND = YES;
				ENABLE_TESTABILITY = YES;
				GCC_C_LANGUAGE_STANDARD = gnu11;
				GCC_DYNAMIC_NO_PIC = NO;
				GCC_NO_COMMON_BLOCKS = YES;
				GCC_OPTIMIZATION_LEVEL = 0;
				GCC_PREPROCESSOR_DEFINITIONS = (
					"DEBUG=1",
					"$(inherited)",
				);
				GCC_WARN_64_TO_32_BIT_CONVERSION = YES;
				GCC_WARN_ABOUT_RETURN_TYPE = YES_ERROR;
				GCC_WARN_UNDECLARED_SELECTOR = YES;
				GCC_WARN_UNINITIALIZED_AUTOS = YES_AGGRESSIVE;
				GCC_WARN_UNUSED_FUNCTION = YES;
				GCC_WARN_UNUSED_VARIABLE = YES;
				IPHONEOS_DEPLOYMENT_TARGET = 12.1;
				MTL_ENABLE_DEBUG_INFO = INCLUDE_SOURCE;
				MTL_FAST_MATH = YES;
				ONLY_ACTIVE_ARCH = YES;
				SDKROOT = iphoneos;
				SWIFT_ACTIVE_COMPILATION_CONDITIONS = DEBUG;
				SWIFT_OPTIMIZATION_LEVEL = "-Onone";
			};
			name = Debug;
		};
		6B15E94821BA699E00DE00F3 /* Release */ = {
			isa = XCBuildConfiguration;
			buildSettings = {
				ALWAYS_SEARCH_USER_PATHS = NO;
				CLANG_ANALYZER_NONNULL = YES;
				CLANG_ANALYZER_NUMBER_OBJECT_CONVERSION = YES_AGGRESSIVE;
				CLANG_CXX_LANGUAGE_STANDARD = "gnu++14";
				CLANG_CXX_LIBRARY = "libc++";
				CLANG_ENABLE_MODULES = YES;
				CLANG_ENABLE_OBJC_ARC = YES;
				CLANG_ENABLE_OBJC_WEAK = YES;
				CLANG_WARN_BLOCK_CAPTURE_AUTORELEASING = YES;
				CLANG_WARN_BOOL_CONVERSION = YES;
				CLANG_WARN_COMMA = YES;
				CLANG_WARN_CONSTANT_CONVERSION = YES;
				CLANG_WARN_DEPRECATED_OBJC_IMPLEMENTATIONS = YES;
				CLANG_WARN_DIRECT_OBJC_ISA_USAGE = YES_ERROR;
				CLANG_WARN_DOCUMENTATION_COMMENTS = YES;
				CLANG_WARN_EMPTY_BODY = YES;
				CLANG_WARN_ENUM_CONVERSION = YES;
				CLANG_WARN_INFINITE_RECURSION = YES;
				CLANG_WARN_INT_CONVERSION = YES;
				CLANG_WARN_NON_LITERAL_NULL_CONVERSION = YES;
				CLANG_WARN_OBJC_IMPLICIT_RETAIN_SELF = YES;
				CLANG_WARN_OBJC_LITERAL_CONVERSION = YES;
				CLANG_WARN_OBJC_ROOT_CLASS = YES_ERROR;
				CLANG_WARN_RANGE_LOOP_ANALYSIS = YES;
				CLANG_WARN_STRICT_PROTOTYPES = YES;
				CLANG_WARN_SUSPICIOUS_MOVE = YES;
				CLANG_WARN_UNGUARDED_AVAILABILITY = YES_AGGRESSIVE;
				CLANG_WARN_UNREACHABLE_CODE = YES;
				CLANG_WARN__DUPLICATE_METHOD_MATCH = YES;
				CODE_SIGN_IDENTITY = "iPhone Developer";
				COPY_PHASE_STRIP = NO;
				DEBUG_INFORMATION_FORMAT = "dwarf-with-dsym";
				ENABLE_NS_ASSERTIONS = NO;
				ENABLE_STRICT_OBJC_MSGSEND = YES;
				GCC_C_LANGUAGE_STANDARD = gnu11;
				GCC_NO_COMMON_BLOCKS = YES;
				GCC_WARN_64_TO_32_BIT_CONVERSION = YES;
				GCC_WARN_ABOUT_RETURN_TYPE = YES_ERROR;
				GCC_WARN_UNDECLARED_SELECTOR = YES;
				GCC_WARN_UNINITIALIZED_AUTOS = YES_AGGRESSIVE;
				GCC_WARN_UNUSED_FUNCTION = YES;
				GCC_WARN_UNUSED_VARIABLE = YES;
				IPHONEOS_DEPLOYMENT_TARGET = 12.1;
				MTL_ENABLE_DEBUG_INFO = NO;
				MTL_FAST_MATH = YES;
				SDKROOT = iphoneos;
				SWIFT_COMPILATION_MODE = wholemodule;
				SWIFT_OPTIMIZATION_LEVEL = "-O";
				VALIDATE_PRODUCT = YES;
			};
			name = Release;
		};
		6B15E94A21BA699E00DE00F3 /* Debug */ = {
			isa = XCBuildConfiguration;
			buildSettings = {
				ASSETCATALOG_COMPILER_APPICON_NAME = AppIcon;
				CODE_SIGN_STYLE = Automatic;
				DEVELOPMENT_TEAM = 6T6ZMECT9Y;
				INFOPLIST_FILE = KryProgrammingAssignment/Info.plist;
				LD_RUNPATH_SEARCH_PATHS = (
					"$(inherited)",
					"@executable_path/Frameworks",
				);
				PRODUCT_BUNDLE_IDENTIFIER = MertAvci.KryProgrammingAssignment;
				PRODUCT_NAME = "$(TARGET_NAME)";
				SWIFT_VERSION = 4.2;
				TARGETED_DEVICE_FAMILY = "1,2";
			};
			name = Debug;
		};
		6B15E94B21BA699E00DE00F3 /* Release */ = {
			isa = XCBuildConfiguration;
			buildSettings = {
				ASSETCATALOG_COMPILER_APPICON_NAME = AppIcon;
				CODE_SIGN_STYLE = Automatic;
				DEVELOPMENT_TEAM = 6T6ZMECT9Y;
				INFOPLIST_FILE = KryProgrammingAssignment/Info.plist;
				LD_RUNPATH_SEARCH_PATHS = (
					"$(inherited)",
					"@executable_path/Frameworks",
				);
				PRODUCT_BUNDLE_IDENTIFIER = MertAvci.KryProgrammingAssignment;
				PRODUCT_NAME = "$(TARGET_NAME)";
				SWIFT_VERSION = 4.2;
				TARGETED_DEVICE_FAMILY = "1,2";
			};
			name = Release;
		};
		6B15E94D21BA699E00DE00F3 /* Debug */ = {
			isa = XCBuildConfiguration;
			buildSettings = {
				ALWAYS_EMBED_SWIFT_STANDARD_LIBRARIES = YES;
				BUNDLE_LOADER = "$(TEST_HOST)";
				CODE_SIGN_STYLE = Automatic;
				DEVELOPMENT_TEAM = 6T6ZMECT9Y;
				INFOPLIST_FILE = KryProgrammingAssignmentTests/Info.plist;
				LD_RUNPATH_SEARCH_PATHS = (
					"$(inherited)",
					"@executable_path/Frameworks",
					"@loader_path/Frameworks",
				);
				PRODUCT_BUNDLE_IDENTIFIER = MertAvci.KryProgrammingAssignmentTests;
				PRODUCT_NAME = "$(TARGET_NAME)";
				SWIFT_VERSION = 4.2;
				TARGETED_DEVICE_FAMILY = "1,2";
				TEST_HOST = "$(BUILT_PRODUCTS_DIR)/KryProgrammingAssignment.app/KryProgrammingAssignment";
			};
			name = Debug;
		};
		6B15E94E21BA699E00DE00F3 /* Release */ = {
			isa = XCBuildConfiguration;
			buildSettings = {
				ALWAYS_EMBED_SWIFT_STANDARD_LIBRARIES = YES;
				BUNDLE_LOADER = "$(TEST_HOST)";
				CODE_SIGN_STYLE = Automatic;
				DEVELOPMENT_TEAM = 6T6ZMECT9Y;
				INFOPLIST_FILE = KryProgrammingAssignmentTests/Info.plist;
				LD_RUNPATH_SEARCH_PATHS = (
					"$(inherited)",
					"@executable_path/Frameworks",
					"@loader_path/Frameworks",
				);
				PRODUCT_BUNDLE_IDENTIFIER = MertAvci.KryProgrammingAssignmentTests;
				PRODUCT_NAME = "$(TARGET_NAME)";
				SWIFT_VERSION = 4.2;
				TARGETED_DEVICE_FAMILY = "1,2";
				TEST_HOST = "$(BUILT_PRODUCTS_DIR)/KryProgrammingAssignment.app/KryProgrammingAssignment";
			};
			name = Release;
		};
		6B15E95021BA699E00DE00F3 /* Debug */ = {
			isa = XCBuildConfiguration;
			buildSettings = {
				ALWAYS_EMBED_SWIFT_STANDARD_LIBRARIES = YES;
				CODE_SIGN_STYLE = Automatic;
				DEVELOPMENT_TEAM = 6T6ZMECT9Y;
				INFOPLIST_FILE = KryProgrammingAssignmentUITests/Info.plist;
				LD_RUNPATH_SEARCH_PATHS = (
					"$(inherited)",
					"@executable_path/Frameworks",
					"@loader_path/Frameworks",
				);
				PRODUCT_BUNDLE_IDENTIFIER = MertAvci.KryProgrammingAssignmentUITests;
				PRODUCT_NAME = "$(TARGET_NAME)";
				SWIFT_VERSION = 4.2;
				TARGETED_DEVICE_FAMILY = "1,2";
				TEST_TARGET_NAME = KryProgrammingAssignment;
			};
			name = Debug;
		};
		6B15E95121BA699E00DE00F3 /* Release */ = {
			isa = XCBuildConfiguration;
			buildSettings = {
				ALWAYS_EMBED_SWIFT_STANDARD_LIBRARIES = YES;
				CODE_SIGN_STYLE = Automatic;
				DEVELOPMENT_TEAM = 6T6ZMECT9Y;
				INFOPLIST_FILE = KryProgrammingAssignmentUITests/Info.plist;
				LD_RUNPATH_SEARCH_PATHS = (
					"$(inherited)",
					"@executable_path/Frameworks",
					"@loader_path/Frameworks",
				);
				PRODUCT_BUNDLE_IDENTIFIER = MertAvci.KryProgrammingAssignmentUITests;
				PRODUCT_NAME = "$(TARGET_NAME)";
				SWIFT_VERSION = 4.2;
				TARGETED_DEVICE_FAMILY = "1,2";
				TEST_TARGET_NAME = KryProgrammingAssignment;
			};
			name = Release;
		};
/* End XCBuildConfiguration section */

/* Begin XCConfigurationList section */
		6B15E91921BA699D00DE00F3 /* Build configuration list for PBXProject "KryProgrammingAssignment" */ = {
			isa = XCConfigurationList;
			buildConfigurations = (
				6B15E94721BA699E00DE00F3 /* Debug */,
				6B15E94821BA699E00DE00F3 /* Release */,
			);
			defaultConfigurationIsVisible = 0;
			defaultConfigurationName = Release;
		};
		6B15E94921BA699E00DE00F3 /* Build configuration list for PBXNativeTarget "KryProgrammingAssignment" */ = {
			isa = XCConfigurationList;
			buildConfigurations = (
				6B15E94A21BA699E00DE00F3 /* Debug */,
				6B15E94B21BA699E00DE00F3 /* Release */,
			);
			defaultConfigurationIsVisible = 0;
			defaultConfigurationName = Release;
		};
		6B15E94C21BA699E00DE00F3 /* Build configuration list for PBXNativeTarget "KryProgrammingAssignmentTests" */ = {
			isa = XCConfigurationList;
			buildConfigurations = (
				6B15E94D21BA699E00DE00F3 /* Debug */,
				6B15E94E21BA699E00DE00F3 /* Release */,
			);
			defaultConfigurationIsVisible = 0;
			defaultConfigurationName = Release;
		};
		6B15E94F21BA699E00DE00F3 /* Build configuration list for PBXNativeTarget "KryProgrammingAssignmentUITests" */ = {
			isa = XCConfigurationList;
			buildConfigurations = (
				6B15E95021BA699E00DE00F3 /* Debug */,
				6B15E95121BA699E00DE00F3 /* Release */,
			);
			defaultConfigurationIsVisible = 0;
			defaultConfigurationName = Release;
		};
/* End XCConfigurationList section */

/* Begin XCVersionGroup section */
		6B15E92821BA699D00DE00F3 /* KryProgrammingAssignment.xcdatamodeld */ = {
			isa = XCVersionGroup;
			children = (
				6B15E92921BA699D00DE00F3 /* KryProgrammingAssignment.xcdatamodel */,
			);
			currentVersion = 6B15E92921BA699D00DE00F3 /* KryProgrammingAssignment.xcdatamodel */;
			path = KryProgrammingAssignment.xcdatamodeld;
			sourceTree = "<group>";
			versionGroupType = wrapper.xcdatamodel;
		};
/* End XCVersionGroup section */
	};
	rootObject = 6B15E91621BA699D00DE00F3 /* Project object */;
}
